{
  "name": "npm-test-lzf",
  "version": "1.0.10",
  "lockfileVersion": 2,
  "requires": true,
  "packages": {
    "": {
      "name": "npm-test-lzf",
      "version": "1.0.10",
      "license": "ISC",
      "dependencies": {
        "npm-test-lzf": "^1.0.2",
        "uuid": "^11.1.0"
      },
      "bin": {
        "test_lzf": "bin/test_lzf"
      }
    },
    "node_modules/npm-test-lzf": {
      "version": "1.0.2",
      "resolved": "https://registry.npmjs.org/npm-test-lzf/-/npm-test-lzf-1.0.2.tgz",
      "integrity": "sha512-l4M6cxJOgXFl0l2J+4Tg0rCc5TYGrMq9ruMrH5h2bvwT9sFw9bXVF2kUJUn+Q2yC3hbbGczHSUgsUUf4Zi+Uyw==",
      "bin": {
        "test_lzf": "bin/test_lzf.js"
      }
    },
    "node_modules/uuid": {
      "version": "11.1.0",
      "resolved": "https://registry.npmjs.org/uuid/-/uuid-11.1.0.tgz",
      "integrity": "sha512-0/A9rDy9P7cJ+8w1c9WD9V//9Wj15Ce2MPz8Ri6032usz+NfePxx5AcN3bN+r6ZL6jEo066/yNYB3tn4pQEx+A==",
      "funding": [
        "https://github.com/sponsors/broofa",
        "https://github.com/sponsors/ctavan"
      ],
      "bin": {
        "uuid": "dist/esm/bin/uuid"
      }
    }
  },
  "dependencies": {
    "npm-test-lzf": {
      "version": "1.0.2",
      "resolved": "https://registry.npmjs.org/npm-test-lzf/-/npm-test-lzf-1.0.2.tgz",
      "integrity": "sha512-l4M6cxJOgXFl0l2J+4Tg0rCc5TYGrMq9ruMrH5h2bvwT9sFw9bXVF2kUJUn+Q2yC3hbbGczHSUgsUUf4Zi+Uyw=="
    },
    "uuid": {
      "version": "11.1.0",
      "resolved": "https://registry.npmjs.org/uuid/-/uuid-11.1.0.tgz",
      "integrity": "sha512-0/A9rDy9P7cJ+8w1c9WD9V//9Wj15Ce2MPz8Ri6032usz+NfePxx5AcN3bN+r6ZL6jEo066/yNYB3tn4pQEx+A=="
    }
  }
}
