{
  "name": "npm-test-lzf",
  "version": "1.0.5",
  "lockfileVersion": 2,
  "requires": true,
  "packages": {
    "": {
      "name": "npm-test-lzf",
      "version": "1.0.4",
      "license": "ISC",
      "dependencies": {
        "npm-test-lzf": "^1.0.2"
      },
      "bin": {
        "test_lzf": "bin/test_lzf.js"
      }
    },
    "node_modules/npm-test-lzf": {
      "version": "1.0.2",
      "resolved": "https://registry.npmjs.org/npm-test-lzf/-/npm-test-lzf-1.0.2.tgz",
      "integrity": "sha512-l4M6cxJOgXFl0l2J+4Tg0rCc5TYGrMq9ruMrH5h2bvwT9sFw9bXVF2kUJUn+Q2yC3hbbGczHSUgsUUf4Zi+Uyw==",
      "bin": {
        "test_lzf": "bin/test_lzf.js"
      }
    }
  },
  "dependencies": {
    "npm-test-lzf": {
      "version": "1.0.2",
      "resolved": "https://registry.npmjs.org/npm-test-lzf/-/npm-test-lzf-1.0.2.tgz",
      "integrity": "sha512-l4M6cxJOgXFl0l2J+4Tg0rCc5TYGrMq9ruMrH5h2bvwT9sFw9bXVF2kUJUn+Q2yC3hbbGczHSUgsUUf4Zi+Uyw=="
    }
  }
}